// !$*UTF8*$!
{
	archiveVersion = 1;
	classes = {
	};
	objectVersion = 56;
	objects = {

/* Begin PBXBuildFile section */
		11070CD92BADC76100B2C954 /* RealmService.swift in Sources */ = {isa = PBXBuildFile; fileRef = 11070CD82BADC76100B2C954 /* RealmService.swift */; };
		11070CDC2BADF76000B2C954 /* Table2.swift in Sources */ = {isa = PBXBuildFile; fileRef = 11070CDB2BADF76000B2C954 /* Table2.swift */; };
		1111546D2BAB50B90006DA07 /* Realm in Frameworks */ = {isa = PBXBuildFile; productRef = 1111546C2BAB50B90006DA07 /* Realm */; };
		1111546F2BAB50B90006DA07 /* RealmSwift in Frameworks */ = {isa = PBXBuildFile; productRef = 1111546E2BAB50B90006DA07 /* RealmSwift */; };
		111154712BAB57620006DA07 /* DataBase.swift in Sources */ = {isa = PBXBuildFile; fileRef = 111154702BAB57620006DA07 /* DataBase.swift */; };
		113D33542BAB5BAC00CCDDF9 /* SwiftUI.framework in Frameworks */ = {isa = PBXBuildFile; fileRef = 113D33532BAB5BAC00CCDDF9 /* SwiftUI.framework */; settings = {ATTRIBUTES = (Weak, ); }; };
		1156985E29E873EE009B3638 /* AppDelegate.swift in Sources */ = {isa = PBXBuildFile; fileRef = 1156985D29E873EE009B3638 /* AppDelegate.swift */; };
		1156986229E873EE009B3638 /* MainViewController.swift in Sources */ = {isa = PBXBuildFile; fileRef = 1156986129E873EE009B3638 /* MainViewController.swift */; };
		1156986729E873F0009B3638 /* Assets.xcassets in Resources */ = {isa = PBXBuildFile; fileRef = 1156986629E873F0009B3638 /* Assets.xcassets */; };
		1156986A29E873F0009B3638 /* LaunchScreen.storyboard in Resources */ = {isa = PBXBuildFile; fileRef = 1156986829E873F0009B3638 /* LaunchScreen.storyboard */; };
		1156987729E887AB009B3638 /* MainView.swift in Sources */ = {isa = PBXBuildFile; fileRef = 1156987629E887AB009B3638 /* MainView.swift */; };
		1156987929E88C16009B3638 /* ManufacturerCell.swift in Sources */ = {isa = PBXBuildFile; fileRef = 1156987829E88C16009B3638 /* ManufacturerCell.swift */; };
		11624AB12A2CEC53009022E3 /* PaddingLabel.swift in Sources */ = {isa = PBXBuildFile; fileRef = 11624AB02A2CEC53009022E3 /* PaddingLabel.swift */; };
		1170ACAB2A0BFBCD007B98B0 /* DescriptionView.swift in Sources */ = {isa = PBXBuildFile; fileRef = 1170ACAA2A0BFBCD007B98B0 /* DescriptionView.swift */; };
		1170ACAD2A0C0CC9007B98B0 /* DescriptionViewController.swift in Sources */ = {isa = PBXBuildFile; fileRef = 1170ACAC2A0C0CC9007B98B0 /* DescriptionViewController.swift */; };
		1186BE592A3CD1160031D569 /* gpuDB.db in Resources */ = {isa = PBXBuildFile; fileRef = 1186BE582A3CD1160031D569 /* gpuDB.db */; };
		119333DB2A02BBD2006508A9 /* SQLite in Frameworks */ = {isa = PBXBuildFile; productRef = 119333DA2A02BBD2006508A9 /* SQLite */; };
		119333DF2A02BD7D006508A9 /* DBManager.swift in Sources */ = {isa = PBXBuildFile; fileRef = 119333DE2A02BD7D006508A9 /* DBManager.swift */; };
		11D010042A093E79009EB57E /* GPUInfoCellView.swift in Sources */ = {isa = PBXBuildFile; fileRef = 11D010032A093E79009EB57E /* GPUInfoCellView.swift */; };
		11D010062A0944D8009EB57E /* GPUListViewController.swift in Sources */ = {isa = PBXBuildFile; fileRef = 11D010052A0944D8009EB57E /* GPUListViewController.swift */; };
/* End PBXBuildFile section */

/* Begin PBXFileReference section */
		11070CD82BADC76100B2C954 /* RealmService.swift */ = {isa = PBXFileReference; lastKnownFileType = sourcecode.swift; path = RealmService.swift; sourceTree = "<group>"; };
		11070CDB2BADF76000B2C954 /* Table2.swift */ = {isa = PBXFileReference; lastKnownFileType = sourcecode.swift; path = Table2.swift; sourceTree = "<group>"; };
		111154702BAB57620006DA07 /* DataBase.swift */ = {isa = PBXFileReference; lastKnownFileType = sourcecode.swift; path = DataBase.swift; sourceTree = "<group>"; };
		113D33532BAB5BAC00CCDDF9 /* SwiftUI.framework */ = {isa = PBXFileReference; lastKnownFileType = wrapper.framework; name = SwiftUI.framework; path = System/Library/Frameworks/SwiftUI.framework; sourceTree = SDKROOT; };
		1156985A29E873EE009B3638 /* GPUTracker.app */ = {isa = PBXFileReference; explicitFileType = wrapper.application; includeInIndex = 0; path = GPUTracker.app; sourceTree = BUILT_PRODUCTS_DIR; };
		1156985D29E873EE009B3638 /* AppDelegate.swift */ = {isa = PBXFileReference; lastKnownFileType = sourcecode.swift; path = AppDelegate.swift; sourceTree = "<group>"; };
		1156986129E873EE009B3638 /* MainViewController.swift */ = {isa = PBXFileReference; lastKnownFileType = sourcecode.swift; path = MainViewController.swift; sourceTree = "<group>"; };
		1156986629E873F0009B3638 /* Assets.xcassets */ = {isa = PBXFileReference; lastKnownFileType = folder.assetcatalog; path = Assets.xcassets; sourceTree = "<group>"; };
		1156986929E873F0009B3638 /* Base */ = {isa = PBXFileReference; lastKnownFileType = file.storyboard; name = Base; path = Base.lproj/LaunchScreen.storyboard; sourceTree = "<group>"; };
		1156986B29E873F0009B3638 /* Info.plist */ = {isa = PBXFileReference; lastKnownFileType = text.plist.xml; path = Info.plist; sourceTree = "<group>"; };
		1156987629E887AB009B3638 /* MainView.swift */ = {isa = PBXFileReference; lastKnownFileType = sourcecode.swift; path = MainView.swift; sourceTree = "<group>"; };
		1156987829E88C16009B3638 /* ManufacturerCell.swift */ = {isa = PBXFileReference; lastKnownFileType = sourcecode.swift; path = ManufacturerCell.swift; sourceTree = "<group>"; };
		11624AB02A2CEC53009022E3 /* PaddingLabel.swift */ = {isa = PBXFileReference; fileEncoding = 4; lastKnownFileType = sourcecode.swift; path = PaddingLabel.swift; sourceTree = "<group>"; };
		1170ACAA2A0BFBCD007B98B0 /* DescriptionView.swift */ = {isa = PBXFileReference; lastKnownFileType = sourcecode.swift; path = DescriptionView.swift; sourceTree = "<group>"; };
		1170ACAC2A0C0CC9007B98B0 /* DescriptionViewController.swift */ = {isa = PBXFileReference; lastKnownFileType = sourcecode.swift; path = DescriptionViewController.swift; sourceTree = "<group>"; };
		1186BE582A3CD1160031D569 /* gpuDB.db */ = {isa = PBXFileReference; lastKnownFileType = file; path = gpuDB.db; sourceTree = "<group>"; };
		119333DE2A02BD7D006508A9 /* DBManager.swift */ = {isa = PBXFileReference; lastKnownFileType = sourcecode.swift; path = DBManager.swift; sourceTree = "<group>"; };
		11D010032A093E79009EB57E /* GPUInfoCellView.swift */ = {isa = PBXFileReference; lastKnownFileType = sourcecode.swift; path = GPUInfoCellView.swift; sourceTree = "<group>"; };
		11D010052A0944D8009EB57E /* GPUListViewController.swift */ = {isa = PBXFileReference; lastKnownFileType = sourcecode.swift; path = GPUListViewController.swift; sourceTree = "<group>"; };
/* End PBXFileReference section */

/* Begin PBXFrameworksBuildPhase section */
		1156985729E873EE009B3638 /* Frameworks */ = {
			isa = PBXFrameworksBuildPhase;
			buildActionMask = 2147483647;
			files = (
				113D33542BAB5BAC00CCDDF9 /* SwiftUI.framework in Frameworks */,
				1111546F2BAB50B90006DA07 /* RealmSwift in Frameworks */,
				1111546D2BAB50B90006DA07 /* Realm in Frameworks */,
				119333DB2A02BBD2006508A9 /* SQLite in Frameworks */,
			);
			runOnlyForDeploymentPostprocessing = 0;
		};
/* End PBXFrameworksBuildPhase section */

/* Begin PBXGroup section */
		11070CDA2BADF35600B2C954 /* RealmService */ = {
			isa = PBXGroup;
			children = (
				11070CD82BADC76100B2C954 /* RealmService.swift */,
				11070CDB2BADF76000B2C954 /* Table2.swift */,
			);
			path = RealmService;
			sourceTree = "<group>";
		};
		113D33522BAB5BAC00CCDDF9 /* Frameworks */ = {
			isa = PBXGroup;
			children = (
				113D33532BAB5BAC00CCDDF9 /* SwiftUI.framework */,
			);
			name = Frameworks;
			sourceTree = "<group>";
		};
		1156985129E873EE009B3638 = {
			isa = PBXGroup;
			children = (
				1156985C29E873EE009B3638 /* GPUTracker */,
				1156985B29E873EE009B3638 /* Products */,
				113D33522BAB5BAC00CCDDF9 /* Frameworks */,
			);
			sourceTree = "<group>";
		};
		1156985B29E873EE009B3638 /* Products */ = {
			isa = PBXGroup;
			children = (
				1156985A29E873EE009B3638 /* GPUTracker.app */,
			);
			name = Products;
			sourceTree = "<group>";
		};
		1156985C29E873EE009B3638 /* GPUTracker */ = {
			isa = PBXGroup;
			children = (
				11AE40D42BA9F7E9001B52F8 /* CustomViews */,
				1156987529E876AE009B3638 /* Services */,
				1156987129E875DB009B3638 /* Screens */,
				1156987329E87627009B3638 /* Resources */,
				1156987429E87685009B3638 /* Application */,
			);
			path = GPUTracker;
			sourceTree = "<group>";
		};
		1156987129E875DB009B3638 /* Screens */ = {
			isa = PBXGroup;
			children = (
				11AE40D32BA9F797001B52F8 /* Main */,
				11AE40D72BA9F934001B52F8 /* GPUList */,
				11AE40D52BA9F82F001B52F8 /* Description */,
				1170ACAA2A0BFBCD007B98B0 /* DescriptionView.swift */,
				1170ACAC2A0C0CC9007B98B0 /* DescriptionViewController.swift */,
			);
			path = Screens;
			sourceTree = "<group>";
		};
		1156987329E87627009B3638 /* Resources */ = {
			isa = PBXGroup;
			children = (
				1156986829E873F0009B3638 /* LaunchScreen.storyboard */,
				1156986B29E873F0009B3638 /* Info.plist */,
				1156986629E873F0009B3638 /* Assets.xcassets */,
				1186BE582A3CD1160031D569 /* gpuDB.db */,
			);
			path = Resources;
			sourceTree = "<group>";
		};
		1156987429E87685009B3638 /* Application */ = {
			isa = PBXGroup;
			children = (
				1156985D29E873EE009B3638 /* AppDelegate.swift */,
			);
			path = Application;
			sourceTree = "<group>";
		};
		1156987529E876AE009B3638 /* Services */ = {
			isa = PBXGroup;
			children = (
				11070CDA2BADF35600B2C954 /* RealmService */,
				119333E12A02C13B006508A9 /* SQLiteSwiftLegacyService */,
				111154702BAB57620006DA07 /* DataBase.swift */,
			);
			path = Services;
			sourceTree = "<group>";
		};
		119333E12A02C13B006508A9 /* SQLiteSwiftLegacyService */ = {
			isa = PBXGroup;
			children = (
				119333DE2A02BD7D006508A9 /* DBManager.swift */,
			);
			path = SQLiteSwiftLegacyService;
			sourceTree = "<group>";
		};
		11AE40D32BA9F797001B52F8 /* Main */ = {
			isa = PBXGroup;
			children = (
				1156987629E887AB009B3638 /* MainView.swift */,
				1156986129E873EE009B3638 /* MainViewController.swift */,
			);
			path = Main;
			sourceTree = "<group>";
		};
		11AE40D42BA9F7E9001B52F8 /* CustomViews */ = {
			isa = PBXGroup;
			children = (
				11D010032A093E79009EB57E /* GPUInfoCellView.swift */,
				1156987829E88C16009B3638 /* ManufacturerCell.swift */,
				11624AB02A2CEC53009022E3 /* PaddingLabel.swift */,
			);
			path = CustomViews;
			sourceTree = "<group>";
		};
		11AE40D52BA9F82F001B52F8 /* Description */ = {
			isa = PBXGroup;
			children = (
			);
			path = Description;
			sourceTree = "<group>";
		};
		11AE40D72BA9F934001B52F8 /* GPUList */ = {
			isa = PBXGroup;
			children = (
				11D010052A0944D8009EB57E /* GPUListViewController.swift */,
			);
			path = GPUList;
			sourceTree = "<group>";
		};
/* End PBXGroup section */

/* Begin PBXNativeTarget section */
		1156985929E873EE009B3638 /* GPUTracker */ = {
			isa = PBXNativeTarget;
			buildConfigurationList = 1156986E29E873F0009B3638 /* Build configuration list for PBXNativeTarget "GPUTracker" */;
			buildPhases = (
				1156985629E873EE009B3638 /* Sources */,
				1156985729E873EE009B3638 /* Frameworks */,
				1156985829E873EE009B3638 /* Resources */,
			);
			buildRules = (
			);
			dependencies = (
			);
			name = GPUTracker;
			packageProductDependencies = (
				119333DA2A02BBD2006508A9 /* SQLite */,
				1111546C2BAB50B90006DA07 /* Realm */,
				1111546E2BAB50B90006DA07 /* RealmSwift */,
			);
			productName = GPUTracker;
			productReference = 1156985A29E873EE009B3638 /* GPUTracker.app */;
			productType = "com.apple.product-type.application";
		};
/* End PBXNativeTarget section */

/* Begin PBXProject section */
		1156985229E873EE009B3638 /* Project object */ = {
			isa = PBXProject;
			attributes = {
				BuildIndependentTargetsInParallel = 1;
				LastSwiftUpdateCheck = 1420;
				LastUpgradeCheck = 1420;
				TargetAttributes = {
					1156985929E873EE009B3638 = {
						CreatedOnToolsVersion = 14.2;
					};
				};
			};
			buildConfigurationList = 1156985529E873EE009B3638 /* Build configuration list for PBXProject "GPUTracker" */;
			compatibilityVersion = "Xcode 14.0";
			developmentRegion = en;
			hasScannedForEncodings = 0;
			knownRegions = (
				en,
				Base,
			);
			mainGroup = 1156985129E873EE009B3638;
			packageReferences = (
				119333D92A02BBD2006508A9 /* XCRemoteSwiftPackageReference "SQLite.swift" */,
				1111546B2BAB50B90006DA07 /* XCRemoteSwiftPackageReference "realm-swift" */,
				11070CDD2BAE18A000B2C954 /* XCRemoteSwiftPackageReference "realm-cocoa-converter" */,
			);
			productRefGroup = 1156985B29E873EE009B3638 /* Products */;
			projectDirPath = "";
			projectRoot = "";
			targets = (
				1156985929E873EE009B3638 /* GPUTracker */,
			);
		};
/* End PBXProject section */

/* Begin PBXResourcesBuildPhase section */
		1156985829E873EE009B3638 /* Resources */ = {
			isa = PBXResourcesBuildPhase;
			buildActionMask = 2147483647;
			files = (
				1186BE592A3CD1160031D569 /* gpuDB.db in Resources */,
				1156986A29E873F0009B3638 /* LaunchScreen.storyboard in Resources */,
				1156986729E873F0009B3638 /* Assets.xcassets in Resources */,
			);
			runOnlyForDeploymentPostprocessing = 0;
		};
/* End PBXResourcesBuildPhase section */

/* Begin PBXSourcesBuildPhase section */
		1156985629E873EE009B3638 /* Sources */ = {
			isa = PBXSourcesBuildPhase;
			buildActionMask = 2147483647;
			files = (
				1156986229E873EE009B3638 /* MainViewController.swift in Sources */,
				1170ACAD2A0C0CC9007B98B0 /* DescriptionViewController.swift in Sources */,
				111154712BAB57620006DA07 /* DataBase.swift in Sources */,
				11D010062A0944D8009EB57E /* GPUListViewController.swift in Sources */,
				1170ACAB2A0BFBCD007B98B0 /* DescriptionView.swift in Sources */,
				11D010042A093E79009EB57E /* GPUInfoCellView.swift in Sources */,
				1156987929E88C16009B3638 /* ManufacturerCell.swift in Sources */,
				11070CDC2BADF76000B2C954 /* Table2.swift in Sources */,
				11070CD92BADC76100B2C954 /* RealmService.swift in Sources */,
				11624AB12A2CEC53009022E3 /* PaddingLabel.swift in Sources */,
				1156987729E887AB009B3638 /* MainView.swift in Sources */,
				119333DF2A02BD7D006508A9 /* DBManager.swift in Sources */,
				1156985E29E873EE009B3638 /* AppDelegate.swift in Sources */,
			);
			runOnlyForDeploymentPostprocessing = 0;
		};
/* End PBXSourcesBuildPhase section */

/* Begin PBXVariantGroup section */
		1156986829E873F0009B3638 /* LaunchScreen.storyboard */ = {
			isa = PBXVariantGroup;
			children = (
				1156986929E873F0009B3638 /* Base */,
			);
			name = LaunchScreen.storyboard;
			sourceTree = "<group>";
		};
/* End PBXVariantGroup section */

/* Begin XCBuildConfiguration section */
		1156986C29E873F0009B3638 /* Debug */ = {
			isa = XCBuildConfiguration;
			buildSettings = {
				ALWAYS_SEARCH_USER_PATHS = NO;
				CLANG_ANALYZER_NONNULL = YES;
				CLANG_ANALYZER_NUMBER_OBJECT_CONVERSION = YES_AGGRESSIVE;
				CLANG_CXX_LANGUAGE_STANDARD = "gnu++20";
				CLANG_ENABLE_MODULES = YES;
				CLANG_ENABLE_OBJC_ARC = YES;
				CLANG_ENABLE_OBJC_WEAK = YES;
				CLANG_WARN_BLOCK_CAPTURE_AUTORELEASING = YES;
				CLANG_WARN_BOOL_CONVERSION = YES;
				CLANG_WARN_COMMA = YES;
				CLANG_WARN_CONSTANT_CONVERSION = YES;
				CLANG_WARN_DEPRECATED_OBJC_IMPLEMENTATIONS = YES;
				CLANG_WARN_DIRECT_OBJC_ISA_USAGE = YES_ERROR;
				CLANG_WARN_DOCUMENTATION_COMMENTS = YES;
				CLANG_WARN_EMPTY_BODY = YES;
				CLANG_WARN_ENUM_CONVERSION = YES;
				CLANG_WARN_INFINITE_RECURSION = YES;
				CLANG_WARN_INT_CONVERSION = YES;
				CLANG_WARN_NON_LITERAL_NULL_CONVERSION = YES;
				CLANG_WARN_OBJC_IMPLICIT_RETAIN_SELF = YES;
				CLANG_WARN_OBJC_LITERAL_CONVERSION = YES;
				CLANG_WARN_OBJC_ROOT_CLASS = YES_ERROR;
				CLANG_WARN_QUOTED_INCLUDE_IN_FRAMEWORK_HEADER = YES;
				CLANG_WARN_RANGE_LOOP_ANALYSIS = YES;
				CLANG_WARN_STRICT_PROTOTYPES = YES;
				CLANG_WARN_SUSPICIOUS_MOVE = YES;
				CLANG_WARN_UNGUARDED_AVAILABILITY = YES_AGGRESSIVE;
				CLANG_WARN_UNREACHABLE_CODE = YES;
				CLANG_WARN__DUPLICATE_METHOD_MATCH = YES;
				COPY_PHASE_STRIP = NO;
				DEBUG_INFORMATION_FORMAT = dwarf;
				ENABLE_STRICT_OBJC_MSGSEND = YES;
				ENABLE_TESTABILITY = YES;
				GCC_C_LANGUAGE_STANDARD = gnu11;
				GCC_DYNAMIC_NO_PIC = NO;
				GCC_NO_COMMON_BLOCKS = YES;
				GCC_OPTIMIZATION_LEVEL = 0;
				GCC_PREPROCESSOR_DEFINITIONS = (
					"DEBUG=1",
					"$(inherited)",
				);
				GCC_WARN_64_TO_32_BIT_CONVERSION = YES;
				GCC_WARN_ABOUT_RETURN_TYPE = YES_ERROR;
				GCC_WARN_UNDECLARED_SELECTOR = YES;
				GCC_WARN_UNINITIALIZED_AUTOS = YES_AGGRESSIVE;
				GCC_WARN_UNUSED_FUNCTION = YES;
				GCC_WARN_UNUSED_VARIABLE = YES;
				IPHONEOS_DEPLOYMENT_TARGET = 16.2;
				MTL_ENABLE_DEBUG_INFO = INCLUDE_SOURCE;
				MTL_FAST_MATH = YES;
				ONLY_ACTIVE_ARCH = YES;
				SDKROOT = iphoneos;
				SWIFT_ACTIVE_COMPILATION_CONDITIONS = DEBUG;
				SWIFT_OPTIMIZATION_LEVEL = "-Onone";
			};
			name = Debug;
		};
		1156986D29E873F0009B3638 /* Release */ = {
			isa = XCBuildConfiguration;
			buildSettings = {
				ALWAYS_SEARCH_USER_PATHS = NO;
				CLANG_ANALYZER_NONNULL = YES;
				CLANG_ANALYZER_NUMBER_OBJECT_CONVERSION = YES_AGGRESSIVE;
				CLANG_CXX_LANGUAGE_STANDARD = "gnu++20";
				CLANG_ENABLE_MODULES = YES;
				CLANG_ENABLE_OBJC_ARC = YES;
				CLANG_ENABLE_OBJC_WEAK = YES;
				CLANG_WARN_BLOCK_CAPTURE_AUTORELEASING = YES;
				CLANG_WARN_BOOL_CONVERSION = YES;
				CLANG_WARN_COMMA = YES;
				CLANG_WARN_CONSTANT_CONVERSION = YES;
				CLANG_WARN_DEPRECATED_OBJC_IMPLEMENTATIONS = YES;
				CLANG_WARN_DIRECT_OBJC_ISA_USAGE = YES_ERROR;
				CLANG_WARN_DOCUMENTATION_COMMENTS = YES;
				CLANG_WARN_EMPTY_BODY = YES;
				CLANG_WARN_ENUM_CONVERSION = YES;
				CLANG_WARN_INFINITE_RECURSION = YES;
				CLANG_WARN_INT_CONVERSION = YES;
				CLANG_WARN_NON_LITERAL_NULL_CONVERSION = YES;
				CLANG_WARN_OBJC_IMPLICIT_RETAIN_SELF = YES;
				CLANG_WARN_OBJC_LITERAL_CONVERSION = YES;
				CLANG_WARN_OBJC_ROOT_CLASS = YES_ERROR;
				CLANG_WARN_QUOTED_INCLUDE_IN_FRAMEWORK_HEADER = YES;
				CLANG_WARN_RANGE_LOOP_ANALYSIS = YES;
				CLANG_WARN_STRICT_PROTOTYPES = YES;
				CLANG_WARN_SUSPICIOUS_MOVE = YES;
				CLANG_WARN_UNGUARDED_AVAILABILITY = YES_AGGRESSIVE;
				CLANG_WARN_UNREACHABLE_CODE = YES;
				CLANG_WARN__DUPLICATE_METHOD_MATCH = YES;
				COPY_PHASE_STRIP = NO;
				DEBUG_INFORMATION_FORMAT = "dwarf-with-dsym";
				ENABLE_NS_ASSERTIONS = NO;
				ENABLE_STRICT_OBJC_MSGSEND = YES;
				GCC_C_LANGUAGE_STANDARD = gnu11;
				GCC_NO_COMMON_BLOCKS = YES;
				GCC_WARN_64_TO_32_BIT_CONVERSION = YES;
				GCC_WARN_ABOUT_RETURN_TYPE = YES_ERROR;
				GCC_WARN_UNDECLARED_SELECTOR = YES;
				GCC_WARN_UNINITIALIZED_AUTOS = YES_AGGRESSIVE;
				GCC_WARN_UNUSED_FUNCTION = YES;
				GCC_WARN_UNUSED_VARIABLE = YES;
				IPHONEOS_DEPLOYMENT_TARGET = 16.2;
				MTL_ENABLE_DEBUG_INFO = NO;
				MTL_FAST_MATH = YES;
				SDKROOT = iphoneos;
				SWIFT_COMPILATION_MODE = wholemodule;
				SWIFT_OPTIMIZATION_LEVEL = "-O";
				VALIDATE_PRODUCT = YES;
			};
			name = Release;
		};
		1156986F29E873F0009B3638 /* Debug */ = {
			isa = XCBuildConfiguration;
			buildSettings = {
				ASSETCATALOG_COMPILER_APPICON_NAME = AppIcon;
				ASSETCATALOG_COMPILER_GLOBAL_ACCENT_COLOR_NAME = AccentColor;
				CODE_SIGN_STYLE = Automatic;
				CURRENT_PROJECT_VERSION = 1;
				DEVELOPMENT_TEAM = H6V9DX349Y;
				GENERATE_INFOPLIST_FILE = YES;
				INFOPLIST_FILE = GPUTracker/Resources/Info.plist;
				INFOPLIST_KEY_UIApplicationSupportsIndirectInputEvents = YES;
				INFOPLIST_KEY_UILaunchStoryboardName = LaunchScreen;
				INFOPLIST_KEY_UISupportedInterfaceOrientations = UIInterfaceOrientationPortrait;
				INFOPLIST_KEY_UISupportedInterfaceOrientations_iPad = "UIInterfaceOrientationLandscapeLeft UIInterfaceOrientationPortrait";
				IPHONEOS_DEPLOYMENT_TARGET = 12.4;
				LD_RUNPATH_SEARCH_PATHS = (
					"$(inherited)",
					"@executable_path/Frameworks",
				);
				MARKETING_VERSION = 0.9.1.0;
				PRODUCT_BUNDLE_IDENTIFIER = "com.gmail-goralexwizard.GPUTracker";
				PRODUCT_NAME = "$(TARGET_NAME)";
				SUPPORTED_PLATFORMS = "iphoneos iphonesimulator";
				SUPPORTS_MACCATALYST = NO;
				SUPPORTS_MAC_DESIGNED_FOR_IPHONE_IPAD = NO;
				SWIFT_EMIT_LOC_STRINGS = YES;
				SWIFT_VERSION = 5.0;
				TARGETED_DEVICE_FAMILY = "1,2";
			};
			name = Debug;
		};
		1156987029E873F0009B3638 /* Release */ = {
			isa = XCBuildConfiguration;
			buildSettings = {
				ASSETCATALOG_COMPILER_APPICON_NAME = AppIcon;
				ASSETCATALOG_COMPILER_GLOBAL_ACCENT_COLOR_NAME = AccentColor;
				CODE_SIGN_STYLE = Automatic;
				CURRENT_PROJECT_VERSION = 1;
				DEVELOPMENT_TEAM = H6V9DX349Y;
				GENERATE_INFOPLIST_FILE = YES;
				INFOPLIST_FILE = GPUTracker/Resources/Info.plist;
				INFOPLIST_KEY_UIApplicationSupportsIndirectInputEvents = YES;
				INFOPLIST_KEY_UILaunchStoryboardName = LaunchScreen;
				INFOPLIST_KEY_UISupportedInterfaceOrientations = UIInterfaceOrientationPortrait;
				INFOPLIST_KEY_UISupportedInterfaceOrientations_iPad = "UIInterfaceOrientationLandscapeLeft UIInterfaceOrientationPortrait";
				IPHONEOS_DEPLOYMENT_TARGET = 12.4;
				LD_RUNPATH_SEARCH_PATHS = (
					"$(inherited)",
					"@executable_path/Frameworks",
				);
				MARKETING_VERSION = 0.9.1.0;
				PRODUCT_BUNDLE_IDENTIFIER = "com.gmail-goralexwizard.GPUTracker";
				PRODUCT_NAME = "$(TARGET_NAME)";
				SUPPORTED_PLATFORMS = "iphoneos iphonesimulator";
				SUPPORTS_MACCATALYST = NO;
				SUPPORTS_MAC_DESIGNED_FOR_IPHONE_IPAD = NO;
				SWIFT_EMIT_LOC_STRINGS = YES;
				SWIFT_VERSION = 5.0;
				TARGETED_DEVICE_FAMILY = "1,2";
			};
			name = Release;
		};
/* End XCBuildConfiguration section */

/* Begin XCConfigurationList section */
		1156985529E873EE009B3638 /* Build configuration list for PBXProject "GPUTracker" */ = {
			isa = XCConfigurationList;
			buildConfigurations = (
				1156986C29E873F0009B3638 /* Debug */,
				1156986D29E873F0009B3638 /* Release */,
			);
			defaultConfigurationIsVisible = 0;
			defaultConfigurationName = Release;
		};
		1156986E29E873F0009B3638 /* Build configuration list for PBXNativeTarget "GPUTracker" */ = {
			isa = XCConfigurationList;
			buildConfigurations = (
				1156986F29E873F0009B3638 /* Debug */,
				1156987029E873F0009B3638 /* Release */,
			);
			defaultConfigurationIsVisible = 0;
			defaultConfigurationName = Release;
		};
/* End XCConfigurationList section */

/* Begin XCRemoteSwiftPackageReference section */
		11070CDD2BAE18A000B2C954 /* XCRemoteSwiftPackageReference "realm-cocoa-converter" */ = {
			isa = XCRemoteSwiftPackageReference;
			repositoryURL = "https://github.com/realm/realm-cocoa-converter";
			requirement = {
				kind = upToNextMajorVersion;
				minimumVersion = 0.5.4;
			};
		};
		1111546B2BAB50B90006DA07 /* XCRemoteSwiftPackageReference "realm-swift" */ = {
			isa = XCRemoteSwiftPackageReference;
			repositoryURL = "https://github.com/realm/realm-swift.git";
			requirement = {
				kind = exactVersion;
				version = 10.37.2;
			};
		};
		119333D92A02BBD2006508A9 /* XCRemoteSwiftPackageReference "SQLite.swift" */ = {
			isa = XCRemoteSwiftPackageReference;
			repositoryURL = "https://github.com/stephencelis/SQLite.swift.git";
			requirement = {
				kind = upToNextMajorVersion;
				minimumVersion = 0.9.2;
			};
		};
/* End XCRemoteSwiftPackageReference section */

/* Begin XCSwiftPackageProductDependency section */
		1111546C2BAB50B90006DA07 /* Realm */ = {
			isa = XCSwiftPackageProductDependency;
			package = 1111546B2BAB50B90006DA07 /* XCRemoteSwiftPackageReference "realm-swift" */;
			productName = Realm;
		};
		1111546E2BAB50B90006DA07 /* RealmSwift */ = {
			isa = XCSwiftPackageProductDependency;
			package = 1111546B2BAB50B90006DA07 /* XCRemoteSwiftPackageReference "realm-swift" */;
			productName = RealmSwift;
		};
		119333DA2A02BBD2006508A9 /* SQLite */ = {
			isa = XCSwiftPackageProductDependency;
			package = 119333D92A02BBD2006508A9 /* XCRemoteSwiftPackageReference "SQLite.swift" */;
			productName = SQLite;
		};
/* End XCSwiftPackageProductDependency section */
	};
	rootObject = 1156985229E873EE009B3638 /* Project object */;
}
