// !$*UTF8*$!
{
	archiveVersion = 1;
	classes = {
	};
	objectVersion = 56;
	objects = {

/* Begin PBXBuildFile section */
		110FE7C62BDACB72006923E5 /* Realm in Frameworks */ = {isa = PBXBuildFile; productRef = 110FE7C52BDACB72006923E5 /* Realm */; };
		110FE7C82BDACB72006923E5 /* RealmSwift in Frameworks */ = {isa = PBXBuildFile; productRef = 110FE7C72BDACB72006923E5 /* RealmSwift */; };
		113D33542BAB5BAC00CCDDF9 /* SwiftUI.framework in Frameworks */ = {isa = PBXBuildFile; fileRef = 113D33532BAB5BAC00CCDDF9 /* SwiftUI.framework */; settings = {ATTRIBUTES = (Weak, ); }; };
		1156985E29E873EE009B3638 /* AppDelegate.swift in Sources */ = {isa = PBXBuildFile; fileRef = 1156985D29E873EE009B3638 /* AppDelegate.swift */; };
		1156986229E873EE009B3638 /* MainViewController.swift in Sources */ = {isa = PBXBuildFile; fileRef = 1156986129E873EE009B3638 /* MainViewController.swift */; };
		1156986729E873F0009B3638 /* Assets.xcassets in Resources */ = {isa = PBXBuildFile; fileRef = 1156986629E873F0009B3638 /* Assets.xcassets */; };
		1156986A29E873F0009B3638 /* LaunchScreen.storyboard in Resources */ = {isa = PBXBuildFile; fileRef = 1156986829E873F0009B3638 /* LaunchScreen.storyboard */; };
		1156987729E887AB009B3638 /* MainView.swift in Sources */ = {isa = PBXBuildFile; fileRef = 1156987629E887AB009B3638 /* MainView.swift */; };
		11733BC22BCD3CE100D3A442 /* RealmConfigurations.swift in Sources */ = {isa = PBXBuildFile; fileRef = 11733BC12BCD3CE100D3A442 /* RealmConfigurations.swift */; };
		119EE9D12CE274DB002C6BF0 /* playstation3.realm in Resources */ = {isa = PBXBuildFile; fileRef = 119EE9D02CE274DB002C6BF0 /* playstation3.realm */; };
		11A604272CD512B200A16F01 /* UIViewController+Extension.swift in Sources */ = {isa = PBXBuildFile; fileRef = 11A604262CD512B200A16F01 /* UIViewController+Extension.swift */; };
		11B152CE2BE164F6004F6FBC /* UIImage+Extension.swift in Sources */ = {isa = PBXBuildFile; fileRef = 11B152CD2BE164F6004F6FBC /* UIImage+Extension.swift */; };
		11B152D02BE3A887004F6FBC /* mainProductList.realm in Resources */ = {isa = PBXBuildFile; fileRef = 11B152CF2BE3A887004F6FBC /* mainProductList.realm */; };
		11B152D22BE559D7004F6FBC /* MainCell.swift in Sources */ = {isa = PBXBuildFile; fileRef = 11B152D12BE559D7004F6FBC /* MainCell.swift */; };
		11C422B82CC838A70058C627 /* UniversalCustomCell.swift in Sources */ = {isa = PBXBuildFile; fileRef = 11C422B72CC838A70058C627 /* UniversalCustomCell.swift */; };
		11DDC1D82BBABEFB007D8CF3 /* RealmService.swift in Sources */ = {isa = PBXBuildFile; fileRef = 11DDC1D72BBABEFB007D8CF3 /* RealmService.swift */; };
		11DDC1DA2BBAE057007D8CF3 /* RealmFileCreator.swift in Sources */ = {isa = PBXBuildFile; fileRef = 11DDC1D92BBAE057007D8CF3 /* RealmFileCreator.swift */; };
		11DDC1E22BBC7D48007D8CF3 /* RealmObjects.swift in Sources */ = {isa = PBXBuildFile; fileRef = 11DDC1E12BBC7D48007D8CF3 /* RealmObjects.swift */; };
		11DDC1F82BBED9DC007D8CF3 /* ItemDetailsViewController.swift in Sources */ = {isa = PBXBuildFile; fileRef = 11DDC1F72BBED9DC007D8CF3 /* ItemDetailsViewController.swift */; };
		11DDC1FB2BBEDA2F007D8CF3 /* ItemDetailsView.swift in Sources */ = {isa = PBXBuildFile; fileRef = 11DDC1FA2BBEDA2F007D8CF3 /* ItemDetailsView.swift */; };
		11DDC1FF2BBEE497007D8CF3 /* String+Extension.swift in Sources */ = {isa = PBXBuildFile; fileRef = 11DDC1FE2BBEE497007D8CF3 /* String+Extension.swift */; };
		11DDC2012BBEF9AD007D8CF3 /* MainViewModel.swift in Sources */ = {isa = PBXBuildFile; fileRef = 11DDC2002BBEF9AD007D8CF3 /* MainViewModel.swift */; };
		11DDC2052BBFF8A2007D8CF3 /* ItemDetailsViewModel.swift in Sources */ = {isa = PBXBuildFile; fileRef = 11DDC2042BBFF8A2007D8CF3 /* ItemDetailsViewModel.swift */; };
		11DDC2072BC02D48007D8CF3 /* CustomDescriptionView.swift in Sources */ = {isa = PBXBuildFile; fileRef = 11DDC2062BC02D48007D8CF3 /* CustomDescriptionView.swift */; };
		11FBAA472BC47355003F568F /* CustomTableView.swift in Sources */ = {isa = PBXBuildFile; fileRef = 11FBAA462BC47355003F568F /* CustomTableView.swift */; };
		11FBAA4F2BC7374C003F568F /* UIColor+Extension.swift in Sources */ = {isa = PBXBuildFile; fileRef = 11FBAA4E2BC7374C003F568F /* UIColor+Extension.swift */; };
/* End PBXBuildFile section */

/* Begin PBXFileReference section */
		113D33532BAB5BAC00CCDDF9 /* SwiftUI.framework */ = {isa = PBXFileReference; lastKnownFileType = wrapper.framework; name = SwiftUI.framework; path = System/Library/Frameworks/SwiftUI.framework; sourceTree = SDKROOT; };
		1156985A29E873EE009B3638 /* GPUTracker.app */ = {isa = PBXFileReference; explicitFileType = wrapper.application; includeInIndex = 0; path = GPUTracker.app; sourceTree = BUILT_PRODUCTS_DIR; };
		1156985D29E873EE009B3638 /* AppDelegate.swift */ = {isa = PBXFileReference; lastKnownFileType = sourcecode.swift; path = AppDelegate.swift; sourceTree = "<group>"; };
		1156986129E873EE009B3638 /* MainViewController.swift */ = {isa = PBXFileReference; lastKnownFileType = sourcecode.swift; path = MainViewController.swift; sourceTree = "<group>"; };
		1156986629E873F0009B3638 /* Assets.xcassets */ = {isa = PBXFileReference; lastKnownFileType = folder.assetcatalog; path = Assets.xcassets; sourceTree = "<group>"; };
		1156986929E873F0009B3638 /* Base */ = {isa = PBXFileReference; lastKnownFileType = file.storyboard; name = Base; path = Base.lproj/LaunchScreen.storyboard; sourceTree = "<group>"; };
		1156986B29E873F0009B3638 /* Info.plist */ = {isa = PBXFileReference; lastKnownFileType = text.plist.xml; path = Info.plist; sourceTree = "<group>"; };
		1156987629E887AB009B3638 /* MainView.swift */ = {isa = PBXFileReference; lastKnownFileType = sourcecode.swift; path = MainView.swift; sourceTree = "<group>"; };
		11733BC12BCD3CE100D3A442 /* RealmConfigurations.swift */ = {isa = PBXFileReference; lastKnownFileType = sourcecode.swift; path = RealmConfigurations.swift; sourceTree = "<group>"; };
		119EE9D02CE274DB002C6BF0 /* playstation3.realm */ = {isa = PBXFileReference; lastKnownFileType = file; path = playstation3.realm; sourceTree = "<group>"; };
		11A604262CD512B200A16F01 /* UIViewController+Extension.swift */ = {isa = PBXFileReference; lastKnownFileType = sourcecode.swift; path = "UIViewController+Extension.swift"; sourceTree = "<group>"; };
		11B152CD2BE164F6004F6FBC /* UIImage+Extension.swift */ = {isa = PBXFileReference; lastKnownFileType = sourcecode.swift; path = "UIImage+Extension.swift"; sourceTree = "<group>"; };
		11B152CF2BE3A887004F6FBC /* mainProductList.realm */ = {isa = PBXFileReference; lastKnownFileType = file; path = mainProductList.realm; sourceTree = "<group>"; };
		11B152D12BE559D7004F6FBC /* MainCell.swift */ = {isa = PBXFileReference; lastKnownFileType = sourcecode.swift; path = MainCell.swift; sourceTree = "<group>"; };
		11C422B72CC838A70058C627 /* UniversalCustomCell.swift */ = {isa = PBXFileReference; lastKnownFileType = sourcecode.swift; path = UniversalCustomCell.swift; sourceTree = "<group>"; };
		11DDC1D72BBABEFB007D8CF3 /* RealmService.swift */ = {isa = PBXFileReference; lastKnownFileType = sourcecode.swift; path = RealmService.swift; sourceTree = "<group>"; };
		11DDC1D92BBAE057007D8CF3 /* RealmFileCreator.swift */ = {isa = PBXFileReference; lastKnownFileType = sourcecode.swift; path = RealmFileCreator.swift; sourceTree = "<group>"; };
		11DDC1E12BBC7D48007D8CF3 /* RealmObjects.swift */ = {isa = PBXFileReference; lastKnownFileType = sourcecode.swift; path = RealmObjects.swift; sourceTree = "<group>"; };
		11DDC1F72BBED9DC007D8CF3 /* ItemDetailsViewController.swift */ = {isa = PBXFileReference; lastKnownFileType = sourcecode.swift; path = ItemDetailsViewController.swift; sourceTree = "<group>"; };
		11DDC1FA2BBEDA2F007D8CF3 /* ItemDetailsView.swift */ = {isa = PBXFileReference; lastKnownFileType = sourcecode.swift; path = ItemDetailsView.swift; sourceTree = "<group>"; };
		11DDC1FE2BBEE497007D8CF3 /* String+Extension.swift */ = {isa = PBXFileReference; lastKnownFileType = sourcecode.swift; path = "String+Extension.swift"; sourceTree = "<group>"; };
		11DDC2002BBEF9AD007D8CF3 /* MainViewModel.swift */ = {isa = PBXFileReference; lastKnownFileType = sourcecode.swift; path = MainViewModel.swift; sourceTree = "<group>"; };
		11DDC2042BBFF8A2007D8CF3 /* ItemDetailsViewModel.swift */ = {isa = PBXFileReference; lastKnownFileType = sourcecode.swift; path = ItemDetailsViewModel.swift; sourceTree = "<group>"; };
		11DDC2062BC02D48007D8CF3 /* CustomDescriptionView.swift */ = {isa = PBXFileReference; lastKnownFileType = sourcecode.swift; path = CustomDescriptionView.swift; sourceTree = "<group>"; };
		11FBAA462BC47355003F568F /* CustomTableView.swift */ = {isa = PBXFileReference; lastKnownFileType = sourcecode.swift; path = CustomTableView.swift; sourceTree = "<group>"; };
		11FBAA4E2BC7374C003F568F /* UIColor+Extension.swift */ = {isa = PBXFileReference; lastKnownFileType = sourcecode.swift; path = "UIColor+Extension.swift"; sourceTree = "<group>"; };
/* End PBXFileReference section */

/* Begin PBXFrameworksBuildPhase section */
		1156985729E873EE009B3638 /* Frameworks */ = {
			isa = PBXFrameworksBuildPhase;
			buildActionMask = 2147483647;
			files = (
				110FE7C82BDACB72006923E5 /* RealmSwift in Frameworks */,
				110FE7C62BDACB72006923E5 /* Realm in Frameworks */,
				113D33542BAB5BAC00CCDDF9 /* SwiftUI.framework in Frameworks */,
			);
			runOnlyForDeploymentPostprocessing = 0;
		};
/* End PBXFrameworksBuildPhase section */

/* Begin PBXGroup section */
		11070CDA2BADF35600B2C954 /* Realm */ = {
			isa = PBXGroup;
			children = (
				11B152CF2BE3A887004F6FBC /* mainProductList.realm */,
				119EE9D02CE274DB002C6BF0 /* playstation3.realm */,
				11DDC1D72BBABEFB007D8CF3 /* RealmService.swift */,
				11DDC1D92BBAE057007D8CF3 /* RealmFileCreator.swift */,
				11DDC1E12BBC7D48007D8CF3 /* RealmObjects.swift */,
				11733BC12BCD3CE100D3A442 /* RealmConfigurations.swift */,
			);
			path = Realm;
			sourceTree = "<group>";
		};
		113D33522BAB5BAC00CCDDF9 /* Frameworks */ = {
			isa = PBXGroup;
			children = (
				113D33532BAB5BAC00CCDDF9 /* SwiftUI.framework */,
			);
			name = Frameworks;
			sourceTree = "<group>";
		};
		1156985129E873EE009B3638 = {
			isa = PBXGroup;
			children = (
				1156985C29E873EE009B3638 /* GPUTracker */,
				1156985B29E873EE009B3638 /* Products */,
				113D33522BAB5BAC00CCDDF9 /* Frameworks */,
			);
			sourceTree = "<group>";
		};
		1156985B29E873EE009B3638 /* Products */ = {
			isa = PBXGroup;
			children = (
				1156985A29E873EE009B3638 /* GPUTracker.app */,
			);
			name = Products;
			sourceTree = "<group>";
		};
		1156985C29E873EE009B3638 /* GPUTracker */ = {
			isa = PBXGroup;
			children = (
				11DDC1FC2BBEE466007D8CF3 /* Helpers */,
				11AE40D42BA9F7E9001B52F8 /* CustomViews */,
				1156987529E876AE009B3638 /* Services */,
				1156987129E875DB009B3638 /* Screens */,
				1156987329E87627009B3638 /* Resources */,
				1156987429E87685009B3638 /* Application */,
			);
			path = GPUTracker;
			sourceTree = "<group>";
		};
		1156987129E875DB009B3638 /* Screens */ = {
			isa = PBXGroup;
			children = (
				11DDC1F92BBED9F0007D8CF3 /* ItemDetails */,
				11AE40D32BA9F797001B52F8 /* Main */,
			);
			path = Screens;
			sourceTree = "<group>";
		};
		1156987329E87627009B3638 /* Resources */ = {
			isa = PBXGroup;
			children = (
				1156986829E873F0009B3638 /* LaunchScreen.storyboard */,
				1156986B29E873F0009B3638 /* Info.plist */,
				1156986629E873F0009B3638 /* Assets.xcassets */,
			);
			path = Resources;
			sourceTree = "<group>";
		};
		1156987429E87685009B3638 /* Application */ = {
			isa = PBXGroup;
			children = (
				1156985D29E873EE009B3638 /* AppDelegate.swift */,
			);
			path = Application;
			sourceTree = "<group>";
		};
		1156987529E876AE009B3638 /* Services */ = {
			isa = PBXGroup;
			children = (
				11070CDA2BADF35600B2C954 /* Realm */,
			);
			path = Services;
			sourceTree = "<group>";
		};
		11AE40D32BA9F797001B52F8 /* Main */ = {
			isa = PBXGroup;
			children = (
				1156987629E887AB009B3638 /* MainView.swift */,
				1156986129E873EE009B3638 /* MainViewController.swift */,
				11DDC2002BBEF9AD007D8CF3 /* MainViewModel.swift */,
			);
			path = Main;
			sourceTree = "<group>";
		};
		11AE40D42BA9F7E9001B52F8 /* CustomViews */ = {
			isa = PBXGroup;
			children = (
				11C422B92CCAEA270058C627 /* CustomCells */,
				11C422BA2CCAEA460058C627 /* CustomViews */,
			);
			path = CustomViews;
			sourceTree = "<group>";
		};
		11C422B92CCAEA270058C627 /* CustomCells */ = {
			isa = PBXGroup;
			children = (
				11B152D12BE559D7004F6FBC /* MainCell.swift */,
				11C422B72CC838A70058C627 /* UniversalCustomCell.swift */,
			);
			path = CustomCells;
			sourceTree = "<group>";
		};
		11C422BA2CCAEA460058C627 /* CustomViews */ = {
			isa = PBXGroup;
			children = (
				11FBAA462BC47355003F568F /* CustomTableView.swift */,
				11DDC2062BC02D48007D8CF3 /* CustomDescriptionView.swift */,
			);
			path = CustomViews;
			sourceTree = "<group>";
		};
		11DDC1F92BBED9F0007D8CF3 /* ItemDetails */ = {
			isa = PBXGroup;
			children = (
				11DDC1FA2BBEDA2F007D8CF3 /* ItemDetailsView.swift */,
				11DDC1F72BBED9DC007D8CF3 /* ItemDetailsViewController.swift */,
				11DDC2042BBFF8A2007D8CF3 /* ItemDetailsViewModel.swift */,
			);
			path = ItemDetails;
			sourceTree = "<group>";
		};
		11DDC1FC2BBEE466007D8CF3 /* Helpers */ = {
			isa = PBXGroup;
			children = (
				11DDC1FD2BBEE474007D8CF3 /* Extensions */,
			);
			path = Helpers;
			sourceTree = "<group>";
		};
		11DDC1FD2BBEE474007D8CF3 /* Extensions */ = {
			isa = PBXGroup;
			children = (
				11DDC1FE2BBEE497007D8CF3 /* String+Extension.swift */,
				11FBAA4E2BC7374C003F568F /* UIColor+Extension.swift */,
				11B152CD2BE164F6004F6FBC /* UIImage+Extension.swift */,
				11A604262CD512B200A16F01 /* UIViewController+Extension.swift */,
			);
			path = Extensions;
			sourceTree = "<group>";
		};
/* End PBXGroup section */

/* Begin PBXNativeTarget section */
		1156985929E873EE009B3638 /* GPUTracker */ = {
			isa = PBXNativeTarget;
			buildConfigurationList = 1156986E29E873F0009B3638 /* Build configuration list for PBXNativeTarget "GPUTracker" */;
			buildPhases = (
				1156985629E873EE009B3638 /* Sources */,
				1156985729E873EE009B3638 /* Frameworks */,
				1156985829E873EE009B3638 /* Resources */,
			);
			buildRules = (
			);
			dependencies = (
			);
			name = GPUTracker;
			packageProductDependencies = (
				110FE7C52BDACB72006923E5 /* Realm */,
				110FE7C72BDACB72006923E5 /* RealmSwift */,
			);
			productName = GPUTracker;
			productReference = 1156985A29E873EE009B3638 /* GPUTracker.app */;
			productType = "com.apple.product-type.application";
		};
/* End PBXNativeTarget section */

/* Begin PBXProject section */
		1156985229E873EE009B3638 /* Project object */ = {
			isa = PBXProject;
			attributes = {
				BuildIndependentTargetsInParallel = 1;
				LastSwiftUpdateCheck = 1420;
				LastUpgradeCheck = 1540;
				TargetAttributes = {
					1156985929E873EE009B3638 = {
						CreatedOnToolsVersion = 14.2;
					};
				};
			};
			buildConfigurationList = 1156985529E873EE009B3638 /* Build configuration list for PBXProject "GPUTracker" */;
			compatibilityVersion = "Xcode 14.0";
			developmentRegion = en;
			hasScannedForEncodings = 0;
			knownRegions = (
				en,
				Base,
			);
			mainGroup = 1156985129E873EE009B3638;
			packageReferences = (
				110FE7C42BDACB72006923E5 /* XCRemoteSwiftPackageReference "realm-swift" */,
			);
			productRefGroup = 1156985B29E873EE009B3638 /* Products */;
			projectDirPath = "";
			projectRoot = "";
			targets = (
				1156985929E873EE009B3638 /* GPUTracker */,
			);
		};
/* End PBXProject section */

/* Begin PBXResourcesBuildPhase section */
		1156985829E873EE009B3638 /* Resources */ = {
			isa = PBXResourcesBuildPhase;
			buildActionMask = 2147483647;
			files = (
				119EE9D12CE274DB002C6BF0 /* playstation3.realm in Resources */,
				11B152D02BE3A887004F6FBC /* mainProductList.realm in Resources */,
				1156986A29E873F0009B3638 /* LaunchScreen.storyboard in Resources */,
				1156986729E873F0009B3638 /* Assets.xcassets in Resources */,
			);
			runOnlyForDeploymentPostprocessing = 0;
		};
/* End PBXResourcesBuildPhase section */

/* Begin PBXSourcesBuildPhase section */
		1156985629E873EE009B3638 /* Sources */ = {
			isa = PBXSourcesBuildPhase;
			buildActionMask = 2147483647;
			files = (
				11C422B82CC838A70058C627 /* UniversalCustomCell.swift in Sources */,
				1156986229E873EE009B3638 /* MainViewController.swift in Sources */,
				11DDC1F82BBED9DC007D8CF3 /* ItemDetailsViewController.swift in Sources */,
				11DDC2052BBFF8A2007D8CF3 /* ItemDetailsViewModel.swift in Sources */,
				11DDC2072BC02D48007D8CF3 /* CustomDescriptionView.swift in Sources */,
				11DDC1D82BBABEFB007D8CF3 /* RealmService.swift in Sources */,
				11A604272CD512B200A16F01 /* UIViewController+Extension.swift in Sources */,
				11DDC1FB2BBEDA2F007D8CF3 /* ItemDetailsView.swift in Sources */,
				11DDC1E22BBC7D48007D8CF3 /* RealmObjects.swift in Sources */,
				11B152CE2BE164F6004F6FBC /* UIImage+Extension.swift in Sources */,
				11FBAA472BC47355003F568F /* CustomTableView.swift in Sources */,
				11DDC1FF2BBEE497007D8CF3 /* String+Extension.swift in Sources */,
				11DDC2012BBEF9AD007D8CF3 /* MainViewModel.swift in Sources */,
				11FBAA4F2BC7374C003F568F /* UIColor+Extension.swift in Sources */,
				11DDC1DA2BBAE057007D8CF3 /* RealmFileCreator.swift in Sources */,
				11B152D22BE559D7004F6FBC /* MainCell.swift in Sources */,
				1156987729E887AB009B3638 /* MainView.swift in Sources */,
				1156985E29E873EE009B3638 /* AppDelegate.swift in Sources */,
				11733BC22BCD3CE100D3A442 /* RealmConfigurations.swift in Sources */,
			);
			runOnlyForDeploymentPostprocessing = 0;
		};
/* End PBXSourcesBuildPhase section */

/* Begin PBXVariantGroup section */
		1156986829E873F0009B3638 /* LaunchScreen.storyboard */ = {
			isa = PBXVariantGroup;
			children = (
				1156986929E873F0009B3638 /* Base */,
			);
			name = LaunchScreen.storyboard;
			sourceTree = "<group>";
		};
/* End PBXVariantGroup section */

/* Begin XCBuildConfiguration section */
		1156986C29E873F0009B3638 /* Debug */ = {
			isa = XCBuildConfiguration;
			buildSettings = {
				ALWAYS_SEARCH_USER_PATHS = NO;
				CLANG_ANALYZER_NONNULL = YES;
				CLANG_ANALYZER_NUMBER_OBJECT_CONVERSION = YES_AGGRESSIVE;
				CLANG_CXX_LANGUAGE_STANDARD = "gnu++20";
				CLANG_ENABLE_MODULES = YES;
				CLANG_ENABLE_OBJC_ARC = YES;
				CLANG_ENABLE_OBJC_WEAK = YES;
				CLANG_WARN_BLOCK_CAPTURE_AUTORELEASING = YES;
				CLANG_WARN_BOOL_CONVERSION = YES;
				CLANG_WARN_COMMA = YES;
				CLANG_WARN_CONSTANT_CONVERSION = YES;
				CLANG_WARN_DEPRECATED_OBJC_IMPLEMENTATIONS = YES;
				CLANG_WARN_DIRECT_OBJC_ISA_USAGE = YES_ERROR;
				CLANG_WARN_DOCUMENTATION_COMMENTS = YES;
				CLANG_WARN_EMPTY_BODY = YES;
				CLANG_WARN_ENUM_CONVERSION = YES;
				CLANG_WARN_INFINITE_RECURSION = YES;
				CLANG_WARN_INT_CONVERSION = YES;
				CLANG_WARN_NON_LITERAL_NULL_CONVERSION = YES;
				CLANG_WARN_OBJC_IMPLICIT_RETAIN_SELF = YES;
				CLANG_WARN_OBJC_LITERAL_CONVERSION = YES;
				CLANG_WARN_OBJC_ROOT_CLASS = YES_ERROR;
				CLANG_WARN_QUOTED_INCLUDE_IN_FRAMEWORK_HEADER = YES;
				CLANG_WARN_RANGE_LOOP_ANALYSIS = YES;
				CLANG_WARN_STRICT_PROTOTYPES = YES;
				CLANG_WARN_SUSPICIOUS_MOVE = YES;
				CLANG_WARN_UNGUARDED_AVAILABILITY = YES_AGGRESSIVE;
				CLANG_WARN_UNREACHABLE_CODE = YES;
				CLANG_WARN__DUPLICATE_METHOD_MATCH = YES;
				COPY_PHASE_STRIP = NO;
				DEBUG_INFORMATION_FORMAT = dwarf;
				ENABLE_STRICT_OBJC_MSGSEND = YES;
				ENABLE_TESTABILITY = YES;
				ENABLE_USER_SCRIPT_SANDBOXING = YES;
				GCC_C_LANGUAGE_STANDARD = gnu11;
				GCC_DYNAMIC_NO_PIC = NO;
				GCC_NO_COMMON_BLOCKS = YES;
				GCC_OPTIMIZATION_LEVEL = 0;
				GCC_PREPROCESSOR_DEFINITIONS = (
					"DEBUG=1",
					"$(inherited)",
				);
				GCC_WARN_64_TO_32_BIT_CONVERSION = YES;
				GCC_WARN_ABOUT_RETURN_TYPE = YES_ERROR;
				GCC_WARN_UNDECLARED_SELECTOR = YES;
				GCC_WARN_UNINITIALIZED_AUTOS = YES_AGGRESSIVE;
				GCC_WARN_UNUSED_FUNCTION = YES;
				GCC_WARN_UNUSED_VARIABLE = YES;
				IPHONEOS_DEPLOYMENT_TARGET = 16.2;
				MTL_ENABLE_DEBUG_INFO = INCLUDE_SOURCE;
				MTL_FAST_MATH = YES;
				ONLY_ACTIVE_ARCH = YES;
				SDKROOT = iphoneos;
				SWIFT_ACTIVE_COMPILATION_CONDITIONS = DEBUG;
				SWIFT_OPTIMIZATION_LEVEL = "-Onone";
			};
			name = Debug;
		};
		1156986D29E873F0009B3638 /* Release */ = {
			isa = XCBuildConfiguration;
			buildSettings = {
				ALWAYS_SEARCH_USER_PATHS = NO;
				CLANG_ANALYZER_NONNULL = YES;
				CLANG_ANALYZER_NUMBER_OBJECT_CONVERSION = YES_AGGRESSIVE;
				CLANG_CXX_LANGUAGE_STANDARD = "gnu++20";
				CLANG_ENABLE_MODULES = YES;
				CLANG_ENABLE_OBJC_ARC = YES;
				CLANG_ENABLE_OBJC_WEAK = YES;
				CLANG_WARN_BLOCK_CAPTURE_AUTORELEASING = YES;
				CLANG_WARN_BOOL_CONVERSION = YES;
				CLANG_WARN_COMMA = YES;
				CLANG_WARN_CONSTANT_CONVERSION = YES;
				CLANG_WARN_DEPRECATED_OBJC_IMPLEMENTATIONS = YES;
				CLANG_WARN_DIRECT_OBJC_ISA_USAGE = YES_ERROR;
				CLANG_WARN_DOCUMENTATION_COMMENTS = YES;
				CLANG_WARN_EMPTY_BODY = YES;
				CLANG_WARN_ENUM_CONVERSION = YES;
				CLANG_WARN_INFINITE_RECURSION = YES;
				CLANG_WARN_INT_CONVERSION = YES;
				CLANG_WARN_NON_LITERAL_NULL_CONVERSION = YES;
				CLANG_WARN_OBJC_IMPLICIT_RETAIN_SELF = YES;
				CLANG_WARN_OBJC_LITERAL_CONVERSION = YES;
				CLANG_WARN_OBJC_ROOT_CLASS = YES_ERROR;
				CLANG_WARN_QUOTED_INCLUDE_IN_FRAMEWORK_HEADER = YES;
				CLANG_WARN_RANGE_LOOP_ANALYSIS = YES;
				CLANG_WARN_STRICT_PROTOTYPES = YES;
				CLANG_WARN_SUSPICIOUS_MOVE = YES;
				CLANG_WARN_UNGUARDED_AVAILABILITY = YES_AGGRESSIVE;
				CLANG_WARN_UNREACHABLE_CODE = YES;
				CLANG_WARN__DUPLICATE_METHOD_MATCH = YES;
				COPY_PHASE_STRIP = NO;
				DEBUG_INFORMATION_FORMAT = "dwarf-with-dsym";
				ENABLE_NS_ASSERTIONS = NO;
				ENABLE_STRICT_OBJC_MSGSEND = YES;
				ENABLE_USER_SCRIPT_SANDBOXING = YES;
				GCC_C_LANGUAGE_STANDARD = gnu11;
				GCC_NO_COMMON_BLOCKS = YES;
				GCC_WARN_64_TO_32_BIT_CONVERSION = YES;
				GCC_WARN_ABOUT_RETURN_TYPE = YES_ERROR;
				GCC_WARN_UNDECLARED_SELECTOR = YES;
				GCC_WARN_UNINITIALIZED_AUTOS = YES_AGGRESSIVE;
				GCC_WARN_UNUSED_FUNCTION = YES;
				GCC_WARN_UNUSED_VARIABLE = YES;
				IPHONEOS_DEPLOYMENT_TARGET = 16.2;
				MTL_ENABLE_DEBUG_INFO = NO;
				MTL_FAST_MATH = YES;
				SDKROOT = iphoneos;
				SWIFT_COMPILATION_MODE = wholemodule;
				SWIFT_OPTIMIZATION_LEVEL = "-O";
				VALIDATE_PRODUCT = YES;
			};
			name = Release;
		};
		1156986F29E873F0009B3638 /* Debug */ = {
			isa = XCBuildConfiguration;
			buildSettings = {
				ASSETCATALOG_COMPILER_APPICON_NAME = AppIcon;
				ASSETCATALOG_COMPILER_GLOBAL_ACCENT_COLOR_NAME = "";
				CODE_SIGN_STYLE = Automatic;
				CURRENT_PROJECT_VERSION = 1;
				DEVELOPMENT_TEAM = H6V9DX349Y;
				GENERATE_INFOPLIST_FILE = YES;
				INFOPLIST_FILE = GPUTracker/Resources/Info.plist;
				INFOPLIST_KEY_UIApplicationSupportsIndirectInputEvents = YES;
				INFOPLIST_KEY_UILaunchStoryboardName = LaunchScreen;
				INFOPLIST_KEY_UIRequiresFullScreen = YES;
				INFOPLIST_KEY_UISupportedInterfaceOrientations = UIInterfaceOrientationPortrait;
				IPHONEOS_DEPLOYMENT_TARGET = 15.5;
				LD_RUNPATH_SEARCH_PATHS = (
					"$(inherited)",
					"@executable_path/Frameworks",
				);
				MARKETING_VERSION = 0.3.0.0;
				PRODUCT_BUNDLE_IDENTIFIER = "com.gmail-goralexwizard.GPUTracker";
				PRODUCT_NAME = "$(TARGET_NAME)";
				SUPPORTED_PLATFORMS = "iphoneos iphonesimulator";
				SUPPORTS_MACCATALYST = NO;
				SUPPORTS_MAC_DESIGNED_FOR_IPHONE_IPAD = NO;
				SUPPORTS_XR_DESIGNED_FOR_IPHONE_IPAD = NO;
				SWIFT_EMIT_LOC_STRINGS = YES;
				SWIFT_VERSION = 5.0;
				TARGETED_DEVICE_FAMILY = "1,2";
			};
			name = Debug;
		};
		1156987029E873F0009B3638 /* Release */ = {
			isa = XCBuildConfiguration;
			buildSettings = {
				ASSETCATALOG_COMPILER_APPICON_NAME = AppIcon;
				ASSETCATALOG_COMPILER_GLOBAL_ACCENT_COLOR_NAME = "";
				CODE_SIGN_STYLE = Automatic;
				CURRENT_PROJECT_VERSION = 1;
				DEVELOPMENT_TEAM = H6V9DX349Y;
				GENERATE_INFOPLIST_FILE = YES;
				INFOPLIST_FILE = GPUTracker/Resources/Info.plist;
				INFOPLIST_KEY_UIApplicationSupportsIndirectInputEvents = YES;
				INFOPLIST_KEY_UILaunchStoryboardName = LaunchScreen;
				INFOPLIST_KEY_UIRequiresFullScreen = YES;
				INFOPLIST_KEY_UISupportedInterfaceOrientations = UIInterfaceOrientationPortrait;
				IPHONEOS_DEPLOYMENT_TARGET = 15.5;
				LD_RUNPATH_SEARCH_PATHS = (
					"$(inherited)",
					"@executable_path/Frameworks",
				);
				MARKETING_VERSION = 0.3.0.0;
				PRODUCT_BUNDLE_IDENTIFIER = "com.gmail-goralexwizard.GPUTracker";
				PRODUCT_NAME = "$(TARGET_NAME)";
				SUPPORTED_PLATFORMS = "iphoneos iphonesimulator";
				SUPPORTS_MACCATALYST = NO;
				SUPPORTS_MAC_DESIGNED_FOR_IPHONE_IPAD = NO;
				SUPPORTS_XR_DESIGNED_FOR_IPHONE_IPAD = NO;
				SWIFT_EMIT_LOC_STRINGS = YES;
				SWIFT_VERSION = 5.0;
				TARGETED_DEVICE_FAMILY = "1,2";
			};
			name = Release;
		};
/* End XCBuildConfiguration section */

/* Begin XCConfigurationList section */
		1156985529E873EE009B3638 /* Build configuration list for PBXProject "GPUTracker" */ = {
			isa = XCConfigurationList;
			buildConfigurations = (
				1156986C29E873F0009B3638 /* Debug */,
				1156986D29E873F0009B3638 /* Release */,
			);
			defaultConfigurationIsVisible = 0;
			defaultConfigurationName = Release;
		};
		1156986E29E873F0009B3638 /* Build configuration list for PBXNativeTarget "GPUTracker" */ = {
			isa = XCConfigurationList;
			buildConfigurations = (
				1156986F29E873F0009B3638 /* Debug */,
				1156987029E873F0009B3638 /* Release */,
			);
			defaultConfigurationIsVisible = 0;
			defaultConfigurationName = Release;
		};
/* End XCConfigurationList section */

/* Begin XCRemoteSwiftPackageReference section */
		110FE7C42BDACB72006923E5 /* XCRemoteSwiftPackageReference "realm-swift" */ = {
			isa = XCRemoteSwiftPackageReference;
			repositoryURL = "https://github.com/realm/realm-swift.git";
			requirement = {
				kind = exactVersion;
				version = 10.37.2;
			};
		};
/* End XCRemoteSwiftPackageReference section */

/* Begin XCSwiftPackageProductDependency section */
		110FE7C52BDACB72006923E5 /* Realm */ = {
			isa = XCSwiftPackageProductDependency;
			package = 110FE7C42BDACB72006923E5 /* XCRemoteSwiftPackageReference "realm-swift" */;
			productName = Realm;
		};
		110FE7C72BDACB72006923E5 /* RealmSwift */ = {
			isa = XCSwiftPackageProductDependency;
			package = 110FE7C42BDACB72006923E5 /* XCRemoteSwiftPackageReference "realm-swift" */;
			productName = RealmSwift;
		};
/* End XCSwiftPackageProductDependency section */
	};
	rootObject = 1156985229E873EE009B3638 /* Project object */;
}
